
Microsoft Visual Studio Solution File, Format Version 12.00
# Visual Studio Version 16
VisualStudioVersion = 16.0.30413.136
MinimumVisualStudioVersion = 10.0.40219.1
Project("{FAE04EC0-301F-11D3-BF4B-00C04F79EFBC}") = "SEOChecker", "SEOChecker\SEOChecker.csproj", "{468782D4-9B06-4CCE-B497-EBEF337CBC78}"
EndProject
Project("{9A19103F-16F7-4668-BE54-9A1E7A4F7556}") = "SEOChecker.Services", "SEOChecker.Services\SEOChecker.Services.csproj", "{B94B9609-8673-4FD6-981F-E354AC30BD96}"
EndProject
Project("{FAE04EC0-301F-11D3-BF4B-00C04F79EFBC}") = "SEOChecker.Services.Tests", "SEOChecker.Services.UnitTests\SEOChecker.Services.Tests.csproj", "{97AB4EAC-DB9F-48D5-AB71-B5A1EDCFC82C}"
EndProject
Global
	GlobalSection(SolutionConfigurationPlatforms) = preSolution
		Debug|Any CPU = Debug|Any CPU
		Release|Any CPU = Release|Any CPU
	EndGlobalSection
	GlobalSection(ProjectConfigurationPlatforms) = postSolution
		{468782D4-9B06-4CCE-B497-EBEF337CBC78}.Debug|Any CPU.ActiveCfg = Debug|Any CPU
		{468782D4-9B06-4CCE-B497-EBEF337CBC78}.Debug|Any CPU.Build.0 = Debug|Any CPU
		{468782D4-9B06-4CCE-B497-EBEF337CBC78}.Release|Any CPU.ActiveCfg = Release|Any CPU
		{468782D4-9B06-4CCE-B497-EBEF337CBC78}.Release|Any CPU.Build.0 = Release|Any CPU
		{B94B9609-8673-4FD6-981F-E354AC30BD96}.Debug|Any CPU.ActiveCfg = Debug|Any CPU
		{B94B9609-8673-4FD6-981F-E354AC30BD96}.Debug|Any CPU.Build.0 = Debug|Any CPU
		{B94B9609-8673-4FD6-981F-E354AC30BD96}.Release|Any CPU.ActiveCfg = Release|Any CPU
		{B94B9609-8673-4FD6-981F-E354AC30BD96}.Release|Any CPU.Build.0 = Release|Any CPU
		{97AB4EAC-DB9F-48D5-AB71-B5A1EDCFC82C}.Debug|Any CPU.ActiveCfg = Debug|Any CPU
		{97AB4EAC-DB9F-48D5-AB71-B5A1EDCFC82C}.Debug|Any CPU.Build.0 = Debug|Any CPU
		{97AB4EAC-DB9F-48D5-AB71-B5A1EDCFC82C}.Release|Any CPU.ActiveCfg = Release|Any CPU
		{97AB4EAC-DB9F-48D5-AB71-B5A1EDCFC82C}.Release|Any CPU.Build.0 = Release|Any CPU
	EndGlobalSection
	GlobalSection(SolutionProperties) = preSolution
		HideSolutionNode = FALSE
	EndGlobalSection
	GlobalSection(ExtensibilityGlobals) = postSolution
		SolutionGuid = {09F8D8E2-F84E-4E8E-BCF9-3663F9EF0E64}
	EndGlobalSection
EndGlobal
